
Microsoft Visual Studio Solution File, Format Version 12.00
# Visual Studio 15
VisualStudioVersion = 15.0.28307.421
MinimumVisualStudioVersion = 10.0.40219.1
Project("{FAE04EC0-301F-11D3-BF4B-00C04F79EFBC}") = "Racing", "Racing\Racing.csproj", "{ECDBD82F-56F6-4927-AD94-D89ABCF94EBB}"
EndProject
Global
	GlobalSection(SolutionConfigurationPlatforms) = preSolution
		Debug|Any CPU = Debug|Any CPU
		Release|Any CPU = Release|Any CPU
	EndGlobalSection
	GlobalSection(ProjectConfigurationPlatforms) = postSolution
		{ECDBD82F-56F6-4927-AD94-D89ABCF94EBB}.Debug|Any CPU.ActiveCfg = Debug|Any CPU
		{ECDBD82F-56F6-4927-AD94-D89ABCF94EBB}.Debug|Any CPU.Build.0 = Debug|Any CPU
		{ECDBD82F-56F6-4927-AD94-D89ABCF94EBB}.Release|Any CPU.ActiveCfg = Release|Any CPU
		{ECDBD82F-56F6-4927-AD94-D89ABCF94EBB}.Release|Any CPU.Build.0 = Release|Any CPU
	EndGlobalSection
	GlobalSection(SolutionProperties) = preSolution
		HideSolutionNode = FALSE
	EndGlobalSection
	GlobalSection(ExtensibilityGlobals) = postSolution
		SolutionGuid = {CDC66DC4-5A36-4410-A316-E23EF7F317C0}
	EndGlobalSection
EndGlobal
